{
  "name": "OpenTrade",
  "version": "0.2.1",
  "lockfileVersion": 1,
  "requires": true,
  "dependencies": {
    "cors": {
      "version": "2.8.5",
      "resolved": "https://registry.npmjs.org/cors/-/cors-2.8.5.tgz",
      "integrity": "sha512-KIHbLJqu73RGr/hnbrO9uBeixNGuvSQjul/jdFvS/KFSIH1hWVd1ng7zOHx+YrEfInLG7q4n6GHQ9cDtxv/P6g=="
    },
    "ejs": {
      "version": "2.6.1",
      "resolved": "https://registry.npmjs.org/ejs/-/ejs-2.6.1.tgz",
      "integrity": "sha512-0xy4A/twfrRCnkhfk8ErDi5DqdAsAqeGxht4xkCUrsvhhbQNs7E+4jV0CN7+NKIY0aHE72+XvqtBIXzD31ZbXQ=="
    },
    "express": {
      "version": "4.16.4",
      "resolved": "https://registry.npmjs.org/express/-/express-4.16.4.tgz",
      "integrity": "sha512-j12Uuyb4FMrd/qQAm6uCHAkPtO8FDTRJZBDd5D2KOL2eLaz1yUNdUB/NOIyq0iU4q4cFarsUCrnFDPBcnksuOg=="
    },
    "sendmail": {
      "version": "1.4.1",
      "resolved": "https://registry.npmjs.org/sendmail/-/sendmail-1.4.1.tgz",
      "integrity": "sha512-MfprntdcmRUlxZJisAJGb4sp8kL4biCbrmcLT9FJsECDATTn3Q1rYkxXyT+DFZ5fIZ5ZPJt+H/eHWUFd1xWUuw=="
    },
    "sqlite3": {
      "version": "4.0.4",
      "resolved": "https://registry.npmjs.org/sqlite3/-/sqlite3-4.0.4.tgz",
      "integrity": "sha512-CO8vZMyUXBPC+E3iXOCc7Tz2pAdq5BWfLcQmOokCOZW5S5sZ/paijiPOCdvzpdP83RroWHYa5xYlVqCxSqpnQg=="
    },
    "ws": {
      "version": "7.4.6",
      "resolved": "https://registry.npmjs.org/ws/-/ws-7.4.6.tgz",
      "integrity": "sha512-YmhHDO4MzaDLB+M9ym/mDA5z0naX8j7SIlT8f8z+I0VtzsRbekxEutHSme7NPS2qE8StCYQNUnfWdXta/Yu85A=="
    }
  }
}
